
Microsoft Visual Studio Solution File, Format Version 12.00
# Visual Studio Version 17
VisualStudioVersion = 17.5.33530.505
MinimumVisualStudioVersion = 10.0.40219.1
Project("{FAE04EC0-301F-11D3-BF4B-00C04F79EFBC}") = "CapaAdmin", "CapaAdmin\CapaAdmin.csproj", "{848809C8-8FF8-4880-8DA6-92D8ADAC886F}"
EndProject
Project("{FAE04EC0-301F-11D3-BF4B-00C04F79EFBC}") = "CapaComercial", "CapaComercial\CapaComercial.csproj", "{CA841021-685D-4243-A1EE-FEDEF393697F}"
EndProject
Project("{FAE04EC0-301F-11D3-BF4B-00C04F79EFBC}") = "CapaDatos", "CapaDatos\CapaDatos.csproj", "{70202C22-5868-4120-ADCA-E5EC3D30E704}"
EndProject
Project("{FAE04EC0-301F-11D3-BF4B-00C04F79EFBC}") = "CapaEntidad", "CapaEntidad\CapaEntidad.csproj", "{45B18035-2516-4344-8100-DD55B4A8E5C6}"
EndProject
Project("{FAE04EC0-301F-11D3-BF4B-00C04F79EFBC}") = "CapaNegocio", "CapaNegocio\CapaNegocio.csproj", "{05816860-0338-459F-88D4-ECBA042D251A}"
EndProject
Global
	GlobalSection(SolutionConfigurationPlatforms) = preSolution
		Debug|Any CPU = Debug|Any CPU
		Release|Any CPU = Release|Any CPU
	EndGlobalSection
	GlobalSection(ProjectConfigurationPlatforms) = postSolution
		{848809C8-8FF8-4880-8DA6-92D8ADAC886F}.Debug|Any CPU.ActiveCfg = Debug|Any CPU
		{848809C8-8FF8-4880-8DA6-92D8ADAC886F}.Debug|Any CPU.Build.0 = Debug|Any CPU
		{848809C8-8FF8-4880-8DA6-92D8ADAC886F}.Release|Any CPU.ActiveCfg = Release|Any CPU
		{848809C8-8FF8-4880-8DA6-92D8ADAC886F}.Release|Any CPU.Build.0 = Release|Any CPU
		{CA841021-685D-4243-A1EE-FEDEF393697F}.Debug|Any CPU.ActiveCfg = Debug|Any CPU
		{CA841021-685D-4243-A1EE-FEDEF393697F}.Debug|Any CPU.Build.0 = Debug|Any CPU
		{CA841021-685D-4243-A1EE-FEDEF393697F}.Release|Any CPU.ActiveCfg = Release|Any CPU
		{CA841021-685D-4243-A1EE-FEDEF393697F}.Release|Any CPU.Build.0 = Release|Any CPU
		{70202C22-5868-4120-ADCA-E5EC3D30E704}.Debug|Any CPU.ActiveCfg = Debug|Any CPU
		{70202C22-5868-4120-ADCA-E5EC3D30E704}.Debug|Any CPU.Build.0 = Debug|Any CPU
		{70202C22-5868-4120-ADCA-E5EC3D30E704}.Release|Any CPU.ActiveCfg = Release|Any CPU
		{70202C22-5868-4120-ADCA-E5EC3D30E704}.Release|Any CPU.Build.0 = Release|Any CPU
		{45B18035-2516-4344-8100-DD55B4A8E5C6}.Debug|Any CPU.ActiveCfg = Debug|Any CPU
		{45B18035-2516-4344-8100-DD55B4A8E5C6}.Debug|Any CPU.Build.0 = Debug|Any CPU
		{45B18035-2516-4344-8100-DD55B4A8E5C6}.Release|Any CPU.ActiveCfg = Release|Any CPU
		{45B18035-2516-4344-8100-DD55B4A8E5C6}.Release|Any CPU.Build.0 = Release|Any CPU
		{05816860-0338-459F-88D4-ECBA042D251A}.Debug|Any CPU.ActiveCfg = Debug|Any CPU
		{05816860-0338-459F-88D4-ECBA042D251A}.Debug|Any CPU.Build.0 = Debug|Any CPU
		{05816860-0338-459F-88D4-ECBA042D251A}.Release|Any CPU.ActiveCfg = Release|Any CPU
		{05816860-0338-459F-88D4-ECBA042D251A}.Release|Any CPU.Build.0 = Release|Any CPU
	EndGlobalSection
	GlobalSection(SolutionProperties) = preSolution
		HideSolutionNode = FALSE
	EndGlobalSection
	GlobalSection(ExtensibilityGlobals) = postSolution
		SolutionGuid = {6F1BB97B-00A1-4201-82F9-65A92CE2370C}
	EndGlobalSection
EndGlobal
